# This file is generated by running "yarn install" inside your project.
# Manual changes might be lost - proceed with caution!

__metadata:
  version: 7
  cacheKey: 9

"@esbuild/android-arm64@npm:0.17.18":
  version: 0.17.18
  resolution: "@esbuild/android-arm64@npm:0.17.18"
  conditions: os=android & cpu=arm64
  languageName: node
  linkType: hard

"@esbuild/android-arm@npm:0.17.18":
  version: 0.17.18
  resolution: "@esbuild/android-arm@npm:0.17.18"
  conditions: os=android & cpu=arm
  languageName: node
  linkType: hard

"@esbuild/android-x64@npm:0.17.18":
  version: 0.17.18
  resolution: "@esbuild/android-x64@npm:0.17.18"
  conditions: os=android & cpu=x64
  languageName: node
  linkType: hard

"@esbuild/darwin-arm64@npm:0.17.18":
  version: 0.17.18
  resolution: "@esbuild/darwin-arm64@npm:0.17.18"
  conditions: os=darwin & cpu=arm64
  languageName: node
  linkType: hard

"@esbuild/darwin-x64@npm:0.17.18":
  version: 0.17.18
  resolution: "@esbuild/darwin-x64@npm:0.17.18"
  conditions: os=darwin & cpu=x64
  languageName: node
  linkType: hard

"@esbuild/freebsd-arm64@npm:0.17.18":
  version: 0.17.18
  resolution: "@esbuild/freebsd-arm64@npm:0.17.18"
  conditions: os=freebsd & cpu=arm64
  languageName: node
  linkType: hard

"@esbuild/freebsd-x64@npm:0.17.18":
  version: 0.17.18
  resolution: "@esbuild/freebsd-x64@npm:0.17.18"
  conditions: os=freebsd & cpu=x64
  languageName: node
  linkType: hard

"@esbuild/linux-arm64@npm:0.17.18":
  version: 0.17.18
  resolution: "@esbuild/linux-arm64@npm:0.17.18"
  conditions: os=linux & cpu=arm64
  languageName: node
  linkType: hard

"@esbuild/linux-arm@npm:0.17.18":
  version: 0.17.18
  resolution: "@esbuild/linux-arm@npm:0.17.18"
  conditions: os=linux & cpu=arm
  languageName: node
  linkType: hard

"@esbuild/linux-ia32@npm:0.17.18":
  version: 0.17.18
  resolution: "@esbuild/linux-ia32@npm:0.17.18"
  conditions: os=linux & cpu=ia32
  languageName: node
  linkType: hard

"@esbuild/linux-loong64@npm:0.17.18":
  version: 0.17.18
  resolution: "@esbuild/linux-loong64@npm:0.17.18"
  conditions: os=linux & cpu=loong64
  languageName: node
  linkType: hard

"@esbuild/linux-mips64el@npm:0.17.18":
  version: 0.17.18
  resolution: "@esbuild/linux-mips64el@npm:0.17.18"
  conditions: os=linux & cpu=mips64el
  languageName: node
  linkType: hard

"@esbuild/linux-ppc64@npm:0.17.18":
  version: 0.17.18
  resolution: "@esbuild/linux-ppc64@npm:0.17.18"
  conditions: os=linux & cpu=ppc64
  languageName: node
  linkType: hard

"@esbuild/linux-riscv64@npm:0.17.18":
  version: 0.17.18
  resolution: "@esbuild/linux-riscv64@npm:0.17.18"
  conditions: os=linux & cpu=riscv64
  languageName: node
  linkType: hard

"@esbuild/linux-s390x@npm:0.17.18":
  version: 0.17.18
  resolution: "@esbuild/linux-s390x@npm:0.17.18"
  conditions: os=linux & cpu=s390x
  languageName: node
  linkType: hard

"@esbuild/linux-x64@npm:0.17.18":
  version: 0.17.18
  resolution: "@esbuild/linux-x64@npm:0.17.18"
  conditions: os=linux & cpu=x64
  languageName: node
  linkType: hard

"@esbuild/netbsd-x64@npm:0.17.18":
  version: 0.17.18
  resolution: "@esbuild/netbsd-x64@npm:0.17.18"
  conditions: os=netbsd & cpu=x64
  languageName: node
  linkType: hard

"@esbuild/openbsd-x64@npm:0.17.18":
  version: 0.17.18
  resolution: "@esbuild/openbsd-x64@npm:0.17.18"
  conditions: os=openbsd & cpu=x64
  languageName: node
  linkType: hard

"@esbuild/sunos-x64@npm:0.17.18":
  version: 0.17.18
  resolution: "@esbuild/sunos-x64@npm:0.17.18"
  conditions: os=sunos & cpu=x64
  languageName: node
  linkType: hard

"@esbuild/win32-arm64@npm:0.17.18":
  version: 0.17.18
  resolution: "@esbuild/win32-arm64@npm:0.17.18"
  conditions: os=win32 & cpu=arm64
  languageName: node
  linkType: hard

"@esbuild/win32-ia32@npm:0.17.18":
  version: 0.17.18
  resolution: "@esbuild/win32-ia32@npm:0.17.18"
  conditions: os=win32 & cpu=ia32
  languageName: node
  linkType: hard

"@esbuild/win32-x64@npm:0.17.18":
  version: 0.17.18
  resolution: "@esbuild/win32-x64@npm:0.17.18"
  conditions: os=win32 & cpu=x64
  languageName: node
  linkType: hard

"@gar/promisify@npm:^1.1.3":
  version: 1.1.3
  resolution: "@gar/promisify@npm:1.1.3"
  checksum: 3fadc40481a783ddb90397f5759f92650b57465f7a4a778056bd24b47060595012e9181a55ae547d57a893d37d9776abe9e368f1f6918e37225eb6a83f9a75f8
  languageName: node
  linkType: hard

"@npmcli/fs@npm:^2.1.0":
  version: 2.1.2
  resolution: "@npmcli/fs@npm:2.1.2"
  dependencies:
    "@gar/promisify": "npm:^1.1.3"
    semver: "npm:^7.3.5"
  checksum: 82bc61f832f45e2033ea3522f66a94de50e5561577b1f3af226576ad5467c240375eba948d4ea1ca146e7871740fb3005e7c4f3f1ab616e79a5a5cedd9fdb789
  languageName: node
  linkType: hard

"@npmcli/move-file@npm:^2.0.0":
  version: 2.0.1
  resolution: "@npmcli/move-file@npm:2.0.1"
  dependencies:
    mkdirp: "npm:^1.0.4"
    rimraf: "npm:^3.0.2"
  checksum: 3557a12cd18dfb5bcd5d5cf910b783832af50ffba28fd5bb510c3c56b2df0481558b9ec6d3008e8eeefb9f2944bdc1d34832b1a8bbf6ad1cd2f256bf12c84ff0
  languageName: node
  linkType: hard

"@rails/ujs@npm:^7.0.4-2":
  version: 7.0.4
  resolution: "@rails/ujs@npm:7.0.4"
  checksum: db9f877edbfd852b12cf0c1fd2cf35d12b43f5ab97561c1efa464e95c7283932086e276b0dc06d41d7f6cdf3e8b8f741f5db28d5c6d8b029d1c48f46b0e60fbf
  languageName: node
  linkType: hard

"@tootallnate/once@npm:2":
  version: 2.0.0
  resolution: "@tootallnate/once@npm:2.0.0"
  checksum: d9f7f2130a0a2e1ea50f3bc90b83a8b99c913bbb80d7a1706f7f4730292ef299d18443c3b57a42dfb17c6559c9085e13f751b1b6c969bcff7bee3eeaf9da4dec
  languageName: node
  linkType: hard

"abbrev@npm:^1.0.0":
  version: 1.1.1
  resolution: "abbrev@npm:1.1.1"
  checksum: 76e7fb9283b13208d5cf55df46669f9cf5e72007cb66595849be2d5e96c0a43704132d030c5705f9447266183986e1e8a4fc3e9578cb60a1f19cf0157664f957
  languageName: node
  linkType: hard

"agent-base@npm:6, agent-base@npm:^6.0.2":
  version: 6.0.2
  resolution: "agent-base@npm:6.0.2"
  dependencies:
    debug: "npm:4"
  checksum: 2d0cdeccfe3058cb18661db3bcbb6cc092144eaecd7da3ee4321be0490d5654e53dbd08c28690d83f55f791b0369819f5872ee5122a2aad0a39edbc51798f01b
  languageName: node
  linkType: hard

"agentkeepalive@npm:^4.2.1":
  version: 4.3.0
  resolution: "agentkeepalive@npm:4.3.0"
  dependencies:
    debug: "npm:^4.1.0"
    depd: "npm:^2.0.0"
    humanize-ms: "npm:^1.2.1"
  checksum: b3cce4e2faf86c01bad23b471a67f4aa2e6001b833bc2f63a3d5a8b2a671636f8aac7d215e6f8243ce1c07c7a5d8d5fa90ab894ff0d9f0c3e05c2cda801103fb
  languageName: node
  linkType: hard

"aggregate-error@npm:^3.0.0":
  version: 3.1.0
  resolution: "aggregate-error@npm:3.1.0"
  dependencies:
    clean-stack: "npm:^2.0.0"
    indent-string: "npm:^4.0.0"
  checksum: 676b1da86a0ff06a29d9a318109752990c28aae4600f6d094845a679f388a2a246402d993d223165d208122d81823235969132dc09439de2eee50a9f48fa9db9
  languageName: node
  linkType: hard

"ansi-regex@npm:^5.0.1":
  version: 5.0.1
  resolution: "ansi-regex@npm:5.0.1"
  checksum: 627f94ee7fcc5e03186646ebd11ca2ccd954f3cb48fc6a3f42883db6bbf3df5dfba06d62647b2f72c975349fc072c5c44808b7da26d08a9313a7f304acda2efb
  languageName: node
  linkType: hard

"anymatch@npm:~3.1.2":
  version: 3.1.3
  resolution: "anymatch@npm:3.1.3"
  dependencies:
    normalize-path: "npm:^3.0.0"
    picomatch: "npm:^2.0.4"
  checksum: 0d50ce459783767bb68ce635c0a8f3e7de9843ebd6e6733accd59e13a49421a84944b8be5d68b5acecf74eca767a06229e07cae48151757744618e1a32dda0ed
  languageName: node
  linkType: hard

"app@workspace:.":
  version: 0.0.0-use.local
  resolution: "app@workspace:."
  dependencies:
    "@rails/ujs": "npm:^7.0.4-2"
    clipboard: "npm:^2.0.11"
    esbuild: "npm:^0.17.4"
    jquery: "npm:^3.6.3"
    sass: "npm:^1.57.1"
    underscore: "npm:^1.13.6"
  languageName: unknown
  linkType: soft

"aproba@npm:^1.0.3 || ^2.0.0":
  version: 2.0.0
  resolution: "aproba@npm:2.0.0"
  checksum: 02a080748877ae9a7d8973c37c688669a59971c5ec38a4c44f4a7176a52313da0b0c1e1518f80d3b80d75d0d4a16f25a4151a2316bad3db06bb34cb0245cc4fa
  languageName: node
  linkType: hard

"are-we-there-yet@npm:^3.0.0":
  version: 3.0.1
  resolution: "are-we-there-yet@npm:3.0.1"
  dependencies:
    delegates: "npm:^1.0.0"
    readable-stream: "npm:^3.6.0"
  checksum: 7137e25713c611cf38054434ba377e2f7ad3a4bbdb7ac3565ed5caac786080d1c86ed0b280edd917b4c1001ee0d6ed7bdd53effd69b5af4251e5a4fd18d09fbe
  languageName: node
  linkType: hard

"balanced-match@npm:^1.0.0":
  version: 1.0.2
  resolution: "balanced-match@npm:1.0.2"
  checksum: 9ca7fca1845f06edbd8478e209a2e8eed5bb148a021719e77affeaf0c61e45af20279e4540a9f11942acc27c078fc132ff0ebc9c16a403033cff5af3d8199f40
  languageName: node
  linkType: hard

"binary-extensions@npm:^2.0.0":
  version: 2.2.0
  resolution: "binary-extensions@npm:2.2.0"
  checksum: 16cf7c0cfd2d04c0d7a115473b14054d6b01c077d8894f5eadc53e0cc1a0bea512a6187b314b26c99efd0c5f02b2871ab413017916d9ecaa47fa23d0f519adc6
  languageName: node
  linkType: hard

"brace-expansion@npm:^1.1.7":
  version: 1.1.11
  resolution: "brace-expansion@npm:1.1.11"
  dependencies:
    balanced-match: "npm:^1.0.0"
    concat-map: "npm:0.0.1"
  checksum: 5ecc6da29cd3b4d49a832fd8e48f3a8b6ac058f82fe778eb6751ed30a206c5ec5171f6f632aa1946ffb4f8151136740803f620b15edca8437a9348cbb21a8ba8
  languageName: node
  linkType: hard

"brace-expansion@npm:^2.0.1":
  version: 2.0.1
  resolution: "brace-expansion@npm:2.0.1"
  dependencies:
    balanced-match: "npm:^1.0.0"
  checksum: 0f8d0d6a165d636fed93a7dd9321a5ae122cac9a672d8a9e01997e4ae09743cb3cbfb0a6e6b32303cda0f1f40617e2c0953f28f59a6f01d6d12c9698a3f0e41b
  languageName: node
  linkType: hard

"braces@npm:~3.0.2":
  version: 3.0.2
  resolution: "braces@npm:3.0.2"
  dependencies:
    fill-range: "npm:^7.0.1"
  checksum: 1aa7f7f39e1dff23894196303515503dd945f36adcb78073ee067b421ecc595265556911183b24d1bc4e51011d3536d63d117cb4493e5123fcc7456596a93637
  languageName: node
  linkType: hard

"cacache@npm:^16.1.0":
  version: 16.1.3
  resolution: "cacache@npm:16.1.3"
  dependencies:
    "@npmcli/fs": "npm:^2.1.0"
    "@npmcli/move-file": "npm:^2.0.0"
    chownr: "npm:^2.0.0"
    fs-minipass: "npm:^2.1.0"
    glob: "npm:^8.0.1"
    infer-owner: "npm:^1.0.4"
    lru-cache: "npm:^7.7.1"
    minipass: "npm:^3.1.6"
    minipass-collect: "npm:^1.0.2"
    minipass-flush: "npm:^1.0.5"
    minipass-pipeline: "npm:^1.2.4"
    mkdirp: "npm:^1.0.4"
    p-map: "npm:^4.0.0"
    promise-inflight: "npm:^1.0.1"
    rimraf: "npm:^3.0.2"
    ssri: "npm:^9.0.0"
    tar: "npm:^6.1.11"
    unique-filename: "npm:^2.0.0"
  checksum: 54f39565219c47ac624e0efeae123551b5391844f18ae69d0c344f51ce2b9ae4adec62316e5eae7e11cf83c3c21f726a0117d55400182779dce687887ce3f50e
  languageName: node
  linkType: hard

"chokidar@npm:>=3.0.0 <4.0.0":
  version: 3.5.3
  resolution: "chokidar@npm:3.5.3"
  dependencies:
    anymatch: "npm:~3.1.2"
    braces: "npm:~3.0.2"
    fsevents: "npm:~2.3.2"
    glob-parent: "npm:~5.1.2"
    is-binary-path: "npm:~2.1.0"
    is-glob: "npm:~4.0.1"
    normalize-path: "npm:~3.0.0"
    readdirp: "npm:~3.6.0"
  dependenciesMeta:
    fsevents:
      optional: true
  checksum: eb45bf6464f6c871e2b46926eaaf35abc06624d4ca8b894bc7c927d8ac808e680d977c37283276992159360767d51c64b4c9bb91ece91beceaf3cb4abe555f99
  languageName: node
  linkType: hard

"chownr@npm:^2.0.0":
  version: 2.0.0
  resolution: "chownr@npm:2.0.0"
  checksum: 7b240ff920db951fd3841116c5e0e2ec4750e20c85cd044ea78f636202e1fa47ce0a20d48c3c912edc52ea0f1615aba37bdd6297d3a731b517647ed33c3dee09
  languageName: node
  linkType: hard

"clean-stack@npm:^2.0.0":
  version: 2.2.0
  resolution: "clean-stack@npm:2.2.0"
  checksum: 0a476c914f0a5e9e12b215729e1a633fcbdd47b8c3d508ebe6441f2ef8d5047fdd0800926349dd18253db4bfcab3e48aa0aca1f2e7f5d614f7194778d7851be4
  languageName: node
  linkType: hard

"clipboard@npm:^2.0.11":
  version: 2.0.11
  resolution: "clipboard@npm:2.0.11"
  dependencies:
    good-listener: "npm:^1.2.2"
    select: "npm:^1.1.2"
    tiny-emitter: "npm:^2.0.0"
  checksum: 29e866293ed3e0a7ae3b3a3501d436aa93e9cda6ffb48d8197c3524fe9c835885dd8a6d5b3a9d3ea500d4eed7b6b81f2b772bf32d4d44b6347716f848cbe113f
  languageName: node
  linkType: hard

"color-support@npm:^1.1.3":
  version: 1.1.3
  resolution: "color-support@npm:1.1.3"
  bin:
    color-support: bin.js
  checksum: 8dc879a976be92306773276728e0bbb0925478b2373f133a98e563c497ccd58f220b9c30cea37c72678fe071627d7391b3751a1b92aaa5e872cd278b00b96b74
  languageName: node
  linkType: hard

"concat-map@npm:0.0.1":
  version: 0.0.1
  resolution: "concat-map@npm:0.0.1"
  checksum: 88222f18b3a68b71fe4473a146c8ed3315ec0488703104319c53543ad4668af3e79418ab79e2fa8032ee04c3eb45cc478815b89877a048cc5ba34e201bc15c35
  languageName: node
  linkType: hard

"console-control-strings@npm:^1.1.0":
  version: 1.1.0
  resolution: "console-control-strings@npm:1.1.0"
  checksum: d286ffd439aac97472557325e6aa4cc3a2eefe495a70a9640b89508880db4bba1bd1b29bb011608c23033d884c84cac8da95c8f12ca0ec69ccc70d6d5f39c618
  languageName: node
  linkType: hard

"debug@npm:4, debug@npm:^4.1.0, debug@npm:^4.3.3":
  version: 4.3.4
  resolution: "debug@npm:4.3.4"
  dependencies:
    ms: "npm:2.1.2"
  peerDependenciesMeta:
    supports-color:
      optional: true
  checksum: ab50d98b6f2a0e803379e8f789017f4215efd0e085774623e462c691e9f99bfd359a35f7424ff401da3ea58b31f89ceebc9ea35779b4a94f78b0ee3e235b6640
  languageName: node
  linkType: hard

"delegate@npm:^3.1.2":
  version: 3.2.0
  resolution: "delegate@npm:3.2.0"
  checksum: 308e947f9a56300c23ab874a3fdc268e5bd856ad458d90a6ae37702e85fc6280ec06bcda0581913583d175d55a64214147f1d238e3c035a370942549f72758c5
  languageName: node
  linkType: hard

"delegates@npm:^1.0.0":
  version: 1.0.0
  resolution: "delegates@npm:1.0.0"
  checksum: 2ef8c043c6caea7f00f23236e0606b00f10d2b497657d63d230e50efdef307936b070734187b03960b9c4afe64ce9e09a77c01da60e661d42dcefec11ce41c30
  languageName: node
  linkType: hard

"depd@npm:^2.0.0":
  version: 2.0.0
  resolution: "depd@npm:2.0.0"
  checksum: 170e90bfa90081462303140623fdf938aeba2f066b1c7a9a1c599b257ea8127d36b9d39fad5a9d71f5282a3bb5a8ca287ce4d8c6cecd0f65e6bf3779cc6091be
  languageName: node
  linkType: hard

"emoji-regex@npm:^8.0.0":
  version: 8.0.0
  resolution: "emoji-regex@npm:8.0.0"
  checksum: 0b84c9059a3f051e3da79112ee450f22bc8466dde2a7e09a0b1fc4eff3b98183596e6e2704d5356266851e2a013d95467421eb81c36408fbab1aeb3fc5e4764f
  languageName: node
  linkType: hard

"encoding@npm:^0.1.13":
  version: 0.1.13
  resolution: "encoding@npm:0.1.13"
  dependencies:
    iconv-lite: "npm:^0.6.2"
  checksum: 954eb7d006c8d466207dcda57ddd15b1d6667607b8da15c7ce400d377504aafcc5e2f5507027cfb045cad7aefd15d18aa3f6e14f3a73ed2b26ad5ff08004536b
  languageName: node
  linkType: hard

"env-paths@npm:^2.2.0":
  version: 2.2.1
  resolution: "env-paths@npm:2.2.1"
  checksum: 528af3898854262b86b3adb5de09e6c81b8c0e3f4f675750282281b86782ddc3c33ffc13598d903d9eb23652f339ded86c994b61fe06e5f9cbb69a191f62244b
  languageName: node
  linkType: hard

"err-code@npm:^2.0.2":
  version: 2.0.3
  resolution: "err-code@npm:2.0.3"
  checksum: 12244d58c3eeb73a5ebf633ff615b2366cedaccfea3c2b4d6a3295f6440661052e9574c71f89d6dc8a5466e3d84be0b1994e2a4017ab10e1f037f8be1ca89a37
  languageName: node
  linkType: hard

"esbuild@npm:^0.17.4":
  version: 0.17.18
  resolution: "esbuild@npm:0.17.18"
  dependencies:
    "@esbuild/android-arm": "npm:0.17.18"
    "@esbuild/android-arm64": "npm:0.17.18"
    "@esbuild/android-x64": "npm:0.17.18"
    "@esbuild/darwin-arm64": "npm:0.17.18"
    "@esbuild/darwin-x64": "npm:0.17.18"
    "@esbuild/freebsd-arm64": "npm:0.17.18"
    "@esbuild/freebsd-x64": "npm:0.17.18"
    "@esbuild/linux-arm": "npm:0.17.18"
    "@esbuild/linux-arm64": "npm:0.17.18"
    "@esbuild/linux-ia32": "npm:0.17.18"
    "@esbuild/linux-loong64": "npm:0.17.18"
    "@esbuild/linux-mips64el": "npm:0.17.18"
    "@esbuild/linux-ppc64": "npm:0.17.18"
    "@esbuild/linux-riscv64": "npm:0.17.18"
    "@esbuild/linux-s390x": "npm:0.17.18"
    "@esbuild/linux-x64": "npm:0.17.18"
    "@esbuild/netbsd-x64": "npm:0.17.18"
    "@esbuild/openbsd-x64": "npm:0.17.18"
    "@esbuild/sunos-x64": "npm:0.17.18"
    "@esbuild/win32-arm64": "npm:0.17.18"
    "@esbuild/win32-ia32": "npm:0.17.18"
    "@esbuild/win32-x64": "npm:0.17.18"
  dependenciesMeta:
    "@esbuild/android-arm":
      optional: true
    "@esbuild/android-arm64":
      optional: true
    "@esbuild/android-x64":
      optional: true
    "@esbuild/darwin-arm64":
      optional: true
    "@esbuild/darwin-x64":
      optional: true
    "@esbuild/freebsd-arm64":
      optional: true
    "@esbuild/freebsd-x64":
      optional: true
    "@esbuild/linux-arm":
      optional: true
    "@esbuild/linux-arm64":
      optional: true
    "@esbuild/linux-ia32":
      optional: true
    "@esbuild/linux-loong64":
      optional: true
    "@esbuild/linux-mips64el":
      optional: true
    "@esbuild/linux-ppc64":
      optional: true
    "@esbuild/linux-riscv64":
      optional: true
    "@esbuild/linux-s390x":
      optional: true
    "@esbuild/linux-x64":
      optional: true
    "@esbuild/netbsd-x64":
      optional: true
    "@esbuild/openbsd-x64":
      optional: true
    "@esbuild/sunos-x64":
      optional: true
    "@esbuild/win32-arm64":
      optional: true
    "@esbuild/win32-ia32":
      optional: true
    "@esbuild/win32-x64":
      optional: true
  bin:
    esbuild: bin/esbuild
  checksum: e9b4d9b2f6551fab8a197e45b4c180277b66c13644616dbc17d5a067ed790a942fac1b987a8a2f57fc0bc9bcb62dda66c08e43265f75816e5e266745d37a65d0
  languageName: node
  linkType: hard

"fill-range@npm:^7.0.1":
  version: 7.0.1
  resolution: "fill-range@npm:7.0.1"
  dependencies:
    to-regex-range: "npm:^5.0.1"
  checksum: e5ccb299de8a12ea5dcef663f658933e2fbdf40aeab3e7e5af9132e82d7f6bdd0984ac2e122dc1825707f33917c308bc40b632b852331c900c317c5d64bb7bf0
  languageName: node
  linkType: hard

"fs-minipass@npm:^2.0.0, fs-minipass@npm:^2.1.0":
  version: 2.1.0
  resolution: "fs-minipass@npm:2.1.0"
  dependencies:
    minipass: "npm:^3.0.0"
  checksum: 56d19f9a034cbef50b7fe846a71ab1a6a7ee7906205f9f18b7c9696e1f6d83c4d708a0196c65536f34e569205664840dd4f97f1286a26148a4c5bf74a67fe8db
  languageName: node
  linkType: hard

"fs.realpath@npm:^1.0.0":
  version: 1.0.0
  resolution: "fs.realpath@npm:1.0.0"
  checksum: 477fb3547134ce67d71531a19b2597028d2efaeced56a2fcb125ba9994a4204685d256795e4a5b68e5d866d11d8d0dd9050937cb44037beb4caeb3acb75602e2
  languageName: node
  linkType: hard

"fsevents@npm:~2.3.2":
  version: 2.3.2
  resolution: "fsevents@npm:2.3.2"
  dependencies:
    node-gyp: "npm:latest"
  checksum: c85eed7a3e0bbe6908f9feae8a823ee63a796ea2b32e20616ee33f0dda9417976f5a087a8cd2ccf228aae1c5b8b6125c9800f05dd69aaf016c34352a0567dcfb
  conditions: os=darwin
  languageName: node
  linkType: hard

"fsevents@patch:fsevents@npm%3A~2.3.2#optional!builtin<compat/fsevents>":
  version: 2.3.2
  resolution: "fsevents@patch:fsevents@npm%3A2.3.2#optional!builtin<compat/fsevents>::version=2.3.2&hash=df0bf1"
  dependencies:
    node-gyp: "npm:latest"
  conditions: os=darwin
  languageName: node
  linkType: hard

"gauge@npm:^4.0.3":
  version: 4.0.4
  resolution: "gauge@npm:4.0.4"
  dependencies:
    aproba: "npm:^1.0.3 || ^2.0.0"
    color-support: "npm:^1.1.3"
    console-control-strings: "npm:^1.1.0"
    has-unicode: "npm:^2.0.1"
    signal-exit: "npm:^3.0.7"
    string-width: "npm:^4.2.3"
    strip-ansi: "npm:^6.0.1"
    wide-align: "npm:^1.1.5"
  checksum: 4fc68f770dba9962a326918f33f58f2458eddea08442c2d716238357e4291dee4223a812ce11084b54f928d607e4dfb6f380ba28d435b2721de94a22d5600669
  languageName: node
  linkType: hard

"glob-parent@npm:~5.1.2":
  version: 5.1.2
  resolution: "glob-parent@npm:5.1.2"
  dependencies:
    is-glob: "npm:^4.0.1"
  checksum: 2a8fd4de469543f6160dbfff5c59950e39494fc8b692ca7e1d0a5564450dee53228370b43bcfdeda82c2f96b26de618ef8aa5ece28090fcd568c411b6148241d
  languageName: node
  linkType: hard

"glob@npm:^7.1.3, glob@npm:^7.1.4":
  version: 7.2.3
  resolution: "glob@npm:7.2.3"
  dependencies:
    fs.realpath: "npm:^1.0.0"
    inflight: "npm:^1.0.4"
    inherits: "npm:2"
    minimatch: "npm:^3.1.1"
    once: "npm:^1.3.0"
    path-is-absolute: "npm:^1.0.0"
  checksum: c55966a5db7ed2f30976a1490f3165f9d4e20ac7cabf01b55da4cc4f8f53a4c506e6f427e469c2fbf68636200871f3acf07e159ba6d9b65e7386216b98474a34
  languageName: node
  linkType: hard

"glob@npm:^8.0.1":
  version: 8.1.0
  resolution: "glob@npm:8.1.0"
  dependencies:
    fs.realpath: "npm:^1.0.0"
    inflight: "npm:^1.0.4"
    inherits: "npm:2"
    minimatch: "npm:^5.0.1"
    once: "npm:^1.3.0"
  checksum: b2d53aa8d54a3e5b3998f52e72140deea385d292a68719144cda70148c335aa956bd03a643f50f6e4f685ee40ae538ee62a96278cc7b797f731a50a3babfcf63
  languageName: node
  linkType: hard

"good-listener@npm:^1.2.2":
  version: 1.2.2
  resolution: "good-listener@npm:1.2.2"
  dependencies:
    delegate: "npm:^3.1.2"
  checksum: 880b32d6a5e9959e726cabbfe7d622dcf3a541baa200eb3fb90b446eb0601995071400e3914113444a2981eac4bfef678b1a5da75a77fa76baca627423de12f4
  languageName: node
  linkType: hard

"graceful-fs@npm:^4.2.6":
  version: 4.2.11
  resolution: "graceful-fs@npm:4.2.11"
  checksum: 0228fc1080e6cb20d31920aff457e5d44f137b8864220c204b5ba6461d2d46d30361557a4c054373a8c04a03b59c92a42d40230104bb59c5ea737072bc15709c
  languageName: node
  linkType: hard

"has-unicode@npm:^2.0.1":
  version: 2.0.1
  resolution: "has-unicode@npm:2.0.1"
  checksum: d7f38422bc8e339b52014ed5aea2fdcb6545e583ac252081bc7d0970ae8eaa6efa3d056aa3119ac5825bc51fc289b53fa7b3588a40b8bf71a0dabc346513c485
  languageName: node
  linkType: hard

"http-cache-semantics@npm:^4.1.0":
  version: 4.1.1
  resolution: "http-cache-semantics@npm:4.1.1"
  checksum: 7b4d86f99fb3f07b6a49219420ebdffa077ee99bc5fe1df1f353b84c3d321c767a083a48291afb2fc34a627661b6d54c80a927639a7be9e0c43e8c4f921816bd
  languageName: node
  linkType: hard

"http-proxy-agent@npm:^5.0.0":
  version: 5.0.0
  resolution: "http-proxy-agent@npm:5.0.0"
  dependencies:
    "@tootallnate/once": "npm:2"
    agent-base: "npm:6"
    debug: "npm:4"
  checksum: b59a9b4bdd7c1d3450956a2974cb7b685517c758853a873064a536f5a831879ac92a28c717f69eb60ff3c924b262cb5aaf80cf62f5c2c24d1129d2b8dadf1e7c
  languageName: node
  linkType: hard

"https-proxy-agent@npm:^5.0.0":
  version: 5.0.1
  resolution: "https-proxy-agent@npm:5.0.1"
  dependencies:
    agent-base: "npm:6"
    debug: "npm:4"
  checksum: 8e767faec977400c31bca2ef0f5338b843b781b63fd985c00d199adac2d6c8a5ecc6e553588a6821a058198960f167a3c83f014bd64bef9a15b176d992d29dfe
  languageName: node
  linkType: hard

"humanize-ms@npm:^1.2.1":
  version: 1.2.1
  resolution: "humanize-ms@npm:1.2.1"
  dependencies:
    ms: "npm:^2.0.0"
  checksum: fded981fd3b507fe78f7ce505c3f060e3b53cb2155d279d794a6bddb451bb1c7f865f4ca495dc0bae695ad0c182fd5be3a581b51ba30770e6adfda960bca0e68
  languageName: node
  linkType: hard

"iconv-lite@npm:^0.6.2":
  version: 0.6.3
  resolution: "iconv-lite@npm:0.6.3"
  dependencies:
    safer-buffer: "npm:>= 2.1.2 < 3.0.0"
  checksum: 14633c984e398011b4cce3d453e6566e4cc1b58f257e6fc48ae39c25a158b926e6cd7ee6023cd84aff12952a7581bd10bd4e7954af802dd5678e83b4cb8fdbba
  languageName: node
  linkType: hard

"immutable@npm:^4.0.0":
  version: 4.3.0
  resolution: "immutable@npm:4.3.0"
  checksum: 4fcd15a9b7d623e99cbb992f66ea1171218c1c0b2711dbe54a07588d1236c3fc768e47d75313799e9c6b4073bca70e973d57aba8b5c890bc6b22515b0da67e45
  languageName: node
  linkType: hard

"imurmurhash@npm:^0.1.4":
  version: 0.1.4
  resolution: "imurmurhash@npm:0.1.4"
  checksum: 6e2473e6083063b9f5f21a9586794b3af5b3f87995bcf60cb64f3824a7323c2ae41b4eaf3d7446e20fb66b5f3410094246aa3c52db7585270c8b10f762b8ffa1
  languageName: node
  linkType: hard

"indent-string@npm:^4.0.0":
  version: 4.0.0
  resolution: "indent-string@npm:4.0.0"
  checksum: f4ab9e229c120377a63fce905062e5fdf1c300ca01b72401dda5aa991e8f614fdb2f99fe7cc37ef3234413da4ab43d5a4f905356fdffb9d078e83806d274719c
  languageName: node
  linkType: hard

"infer-owner@npm:^1.0.4":
  version: 1.0.4
  resolution: "infer-owner@npm:1.0.4"
  checksum: 2020f6d0322e7910ce841134a303c69857e456531d8cd01e336f6eea18122d1085b93ebde961745e5f278233f7f8a3d8b60b9276c8dbd3f49c4c352582ec9504
  languageName: node
  linkType: hard

"inflight@npm:^1.0.4":
  version: 1.0.6
  resolution: "inflight@npm:1.0.6"
  dependencies:
    once: "npm:^1.3.0"
    wrappy: "npm:1"
  checksum: 40d0e5db34e05d49b9ad9ac678334269745644f73206862a8dee6e50ada1c8b3e70774ce28d5e6e3b03b7b868c9d9ae1edaf6eff253fc50209e4c69decad1811
  languageName: node
  linkType: hard

"inherits@npm:2, inherits@npm:^2.0.3":
  version: 2.0.4
  resolution: "inherits@npm:2.0.4"
  checksum: ca76c7e45ec715bfe6c1dd67b780b9a15068f37b37ab56cf8b773537b2654238469a42950f5f4d301212755e7512be888f627752e778e1863d95cfedefc8b8bd
  languageName: node
  linkType: hard

"ip@npm:^2.0.0":
  version: 2.0.0
  resolution: "ip@npm:2.0.0"
  checksum: 42a7cf251b844d98a4c3373d06997b991cd1a7f8a5d43bcf2b4f610517d39c5504f6eb3e73e77f5c1453ac766690e82dab28a8a05a49a6fd7d4a40fad93640e9
  languageName: node
  linkType: hard

"is-binary-path@npm:~2.1.0":
  version: 2.1.0
  resolution: "is-binary-path@npm:2.1.0"
  dependencies:
    binary-extensions: "npm:^2.0.0"
  checksum: f6ed933392b85facdc081bbe3539602ac70cf35fe5d3d7e02da0b9c4bc65fa673d815142f16bf6253de84a561332a680382be1ade1406c89c9102832a571620f
  languageName: node
  linkType: hard

"is-extglob@npm:^2.1.1":
  version: 2.1.1
  resolution: "is-extglob@npm:2.1.1"
  checksum: 226b9f6eee1e7da52f72c98ed4ea7fc71ee3a087b6d1c62655c9a81c601caa2fd98b9f9be42fb8163eef2720cdbf046bc7c5548a76755651e540f4b08ff3b120
  languageName: node
  linkType: hard

"is-fullwidth-code-point@npm:^3.0.0":
  version: 3.0.0
  resolution: "is-fullwidth-code-point@npm:3.0.0"
  checksum: c06b5792b82dcdedb41858cdb07ca4ae5b9a853ad65c91529533221f384d751bedd8ad8db5a527cb219fd989c32a0faa0833312b6a190fe597acdd23165ef724
  languageName: node
  linkType: hard

"is-glob@npm:^4.0.1, is-glob@npm:~4.0.1":
  version: 4.0.3
  resolution: "is-glob@npm:4.0.3"
  dependencies:
    is-extglob: "npm:^2.1.1"
  checksum: 0b2f6c06162a1d6c764b2f1cf0f2617b6e0cb1e8125c0e3b7e838a3e06caac81268ab3c0a4699052df59229c99e8a1dd0217b30476d7643a37fa17a49f1b50af
  languageName: node
  linkType: hard

"is-lambda@npm:^1.0.1":
  version: 1.0.1
  resolution: "is-lambda@npm:1.0.1"
  checksum: 8e761e558bf60bd3682648e6ecb6333e9ad9c5a6fef2a9ca879deef1a40478e5f7e18999fc3630ef8b879cf00bc0248ffa5616aa4251917a7f87f066841310aa
  languageName: node
  linkType: hard

"is-number@npm:^7.0.0":
  version: 7.0.0
  resolution: "is-number@npm:7.0.0"
  checksum: 748df55ae14cc960b090a7611932940df9fa703b7e0fb4f73943b4eb94c4b5391f27ba3881fab8f5bf7a2f097490e812db0d58d05c92154e70fdf14f93d6fa95
  languageName: node
  linkType: hard

"isexe@npm:^2.0.0":
  version: 2.0.0
  resolution: "isexe@npm:2.0.0"
  checksum: b37fe0a7983c0c151c7b31ca716405aaea190ac9cd6ef3f79355f4afb043ed4d3182a6addd73b20df7a0b229269737ad0daf64116821a048bfbe6b8fb7eb842c
  languageName: node
  linkType: hard

"jquery@npm:^3.6.3":
  version: 3.6.4
  resolution: "jquery@npm:3.6.4"
  checksum: b36851196c15c64597ef09d88373688e402496469f52c2214c8148b9bfcdb9aa618d112d50f318d6e61489322509b1305ca89ed8b793d034f7a84920787c2ccb
  languageName: node
  linkType: hard

"lru-cache@npm:^6.0.0":
  version: 6.0.0
  resolution: "lru-cache@npm:6.0.0"
  dependencies:
    yallist: "npm:^4.0.0"
  checksum: b2d72088dd27df27189607554990b0fd31d3fbd4037df909ef66f48a14122baf8ffce7f33edc17e6543ea7cd71fa561136518355dde2ad57676fa0b2ea53b85f
  languageName: node
  linkType: hard

"lru-cache@npm:^7.7.1":
  version: 7.18.3
  resolution: "lru-cache@npm:7.18.3"
  checksum: 884c7cb51963cc45bc0d864c704d141c904c93db1bbc236be0eed759e35fc44b5e794a34b0666e193926e5a4320b66e787b1cf531f4f89ed8514a97156f07cb1
  languageName: node
  linkType: hard

"make-fetch-happen@npm:^10.0.3":
  version: 10.2.1
  resolution: "make-fetch-happen@npm:10.2.1"
  dependencies:
    agentkeepalive: "npm:^4.2.1"
    cacache: "npm:^16.1.0"
    http-cache-semantics: "npm:^4.1.0"
    http-proxy-agent: "npm:^5.0.0"
    https-proxy-agent: "npm:^5.0.0"
    is-lambda: "npm:^1.0.1"
    lru-cache: "npm:^7.7.1"
    minipass: "npm:^3.1.6"
    minipass-collect: "npm:^1.0.2"
    minipass-fetch: "npm:^2.0.3"
    minipass-flush: "npm:^1.0.5"
    minipass-pipeline: "npm:^1.2.4"
    negotiator: "npm:^0.6.3"
    promise-retry: "npm:^2.0.1"
    socks-proxy-agent: "npm:^7.0.0"
    ssri: "npm:^9.0.0"
  checksum: cf0d4b94fb0b022d41373fe7ce0f2a170a7c2668c7404f985c4fa6fe465c24cc3d1a6a84e0a6d4b2cd60cf7d41ec26cc5205d258e15f06c33179c14a31a5e4bd
  languageName: node
  linkType: hard

"minimatch@npm:^3.1.1":
  version: 3.1.2
  resolution: "minimatch@npm:3.1.2"
  dependencies:
    brace-expansion: "npm:^1.1.7"
  checksum: 97f5615ee8f7c0019277dadef7b2b81e5c60d369cb3155cbfb9da72688aef2edb652b105353ff08a6575ae95a6189d1c09a0829b9c254f60849148457c4d8a66
  languageName: node
  linkType: hard

"minimatch@npm:^5.0.1":
  version: 5.1.6
  resolution: "minimatch@npm:5.1.6"
  dependencies:
    brace-expansion: "npm:^2.0.1"
  checksum: 0c0446ede579b1736bfea4efb288c2dea17ce80fd0339d00547625ed97a60ed403c7c2fb141211119937a811bc635b3f0f44debeb9d7870b3f58cf0fe78ddccc
  languageName: node
  linkType: hard

"minipass-collect@npm:^1.0.2":
  version: 1.0.2
  resolution: "minipass-collect@npm:1.0.2"
  dependencies:
    minipass: "npm:^3.0.0"
  checksum: 4d608e8a292ec87dd1a7d881c314effe341a7d7f52eb416270a243f8ea7f4e23b40b2785f5ce9c6c7841e1453841019efd5db05b427288b897c96f62afbc1f17
  languageName: node
  linkType: hard

"minipass-fetch@npm:^2.0.3":
  version: 2.1.2
  resolution: "minipass-fetch@npm:2.1.2"
  dependencies:
    encoding: "npm:^0.1.13"
    minipass: "npm:^3.1.6"
    minipass-sized: "npm:^1.0.3"
    minizlib: "npm:^2.1.2"
  dependenciesMeta:
    encoding:
      optional: true
  checksum: 8ec17c0895d8890b863bbdf860e25bc2f81580c0bbc2cfc05d220f8b5bc255203ee1931f54821e299fd1d5a53d63bfaca20a813a2f45e881423d096c24940366
  languageName: node
  linkType: hard

"minipass-flush@npm:^1.0.5":
  version: 1.0.5
  resolution: "minipass-flush@npm:1.0.5"
  dependencies:
    minipass: "npm:^3.0.0"
  checksum: 6e851bd0640e5406633b0aa77e889d4175eb3d12b55173e999e6dd1fc06ed13982277e012d6f41dc28a2167278d9480697893f6cd286c46c10fdfd735e05d45d
  languageName: node
  linkType: hard

"minipass-pipeline@npm:^1.2.4":
  version: 1.2.4
  resolution: "minipass-pipeline@npm:1.2.4"
  dependencies:
    minipass: "npm:^3.0.0"
  checksum: 07dd09bf3c6f546ef407e7a36bca4cd2235d54695c083dc5815052e36cbdd46e55a7c0dae2801983c73257adc7aa613e375c8350587bc50a6a10e1a6b55f9965
  languageName: node
  linkType: hard

"minipass-sized@npm:^1.0.3":
  version: 1.0.3
  resolution: "minipass-sized@npm:1.0.3"
  dependencies:
    minipass: "npm:^3.0.0"
  checksum: 54591ac7e54571e91df602e3c1018f4048ee12a3407dfab8140e0b03cb149c16ae67e94d36682c0869a683b8443470e354dba123ea83914c87ff22d8d8628fea
  languageName: node
  linkType: hard

"minipass@npm:^3.0.0, minipass@npm:^3.1.1, minipass@npm:^3.1.6":
  version: 3.3.6
  resolution: "minipass@npm:3.3.6"
  dependencies:
    yallist: "npm:^4.0.0"
  checksum: 9704cf677a05e82174c1a0765260f877ce3b4f09858b6c80a07a38a41ff661a2913a482f82faa73b89fc23ee3bcc4cff04d7e8ce6951de4fc2c2108d360b6f1f
  languageName: node
  linkType: hard

"minipass@npm:^5.0.0":
  version: 5.0.0
  resolution: "minipass@npm:5.0.0"
  checksum: dac2e1960990ca7c288834e7311e029828d9ae4c90fdabae95a3ea269592871feaa755a1ef9241d487e6fe59d86a43e1d8bac41c47f13c3c0add0799ab500a0b
  languageName: node
  linkType: hard

"minizlib@npm:^2.1.1, minizlib@npm:^2.1.2":
  version: 2.1.2
  resolution: "minizlib@npm:2.1.2"
  dependencies:
    minipass: "npm:^3.0.0"
    yallist: "npm:^4.0.0"
  checksum: c0071edb242d6808652840614193316e82d012b79ff1997352de3df1c19b7580d3d4790c462c8506b1f4225f08162ebba88ebceb1529d168304b06b23757e88d
  languageName: node
  linkType: hard

"mkdirp@npm:^1.0.3, mkdirp@npm:^1.0.4":
  version: 1.0.4
  resolution: "mkdirp@npm:1.0.4"
  bin:
    mkdirp: bin/cmd.js
  checksum: 123361119829ab8115234f36ed8ef8f697b0f6f83ec9f9bc8f76da587487976d74bc874ffa892e7a66df607fa8f2cc758eed8db225e9cd3a84846350209e53db
  languageName: node
  linkType: hard

"ms@npm:2.1.2":
  version: 2.1.2
  resolution: "ms@npm:2.1.2"
  checksum: 3f46af60a08158f1c77746c06c2f6c7aba7feddafd41335f9baa2d7e0741d7539774aa7d5d1661a7f2b7eed55a7063771297eea016051924dbb04d4c2bf40bcb
  languageName: node
  linkType: hard

"ms@npm:^2.0.0":
  version: 2.1.3
  resolution: "ms@npm:2.1.3"
  checksum: 78c12f6b473a022ebacc393fc14b76fe40b8feda7218124b86c4684e440e10377a063bec1d3902df1f74714f02b74b36ad7d3a6de9e2fbffa26fc29e5ce018fc
  languageName: node
  linkType: hard

"negotiator@npm:^0.6.3":
  version: 0.6.3
  resolution: "negotiator@npm:0.6.3"
  checksum: d8e3b42d99638b1f363ce114c98e6906ade395c230058e50644417bd398b01381133dbca4bc49f30f6b1c93254e4b5a2d50cc47adcdabf2a8476b6f16311ad5d
  languageName: node
  linkType: hard

"node-gyp@npm:latest":
  version: 9.3.1
  resolution: "node-gyp@npm:9.3.1"
  dependencies:
    env-paths: "npm:^2.2.0"
    glob: "npm:^7.1.4"
    graceful-fs: "npm:^4.2.6"
    make-fetch-happen: "npm:^10.0.3"
    nopt: "npm:^6.0.0"
    npmlog: "npm:^6.0.0"
    rimraf: "npm:^3.0.2"
    semver: "npm:^7.3.5"
    tar: "npm:^6.1.2"
    which: "npm:^2.0.2"
  bin:
    node-gyp: bin/node-gyp.js
  checksum: 40aca5b9b3cc5715d5407101d69826927db9a2cf140f113ac52e239a10b15fbae277844ff815c05bcaa9c9fc5256e4e23b3ce3bdace573429d929e3b5df99845
  languageName: node
  linkType: hard

"nopt@npm:^6.0.0":
  version: 6.0.0
  resolution: "nopt@npm:6.0.0"
  dependencies:
    abbrev: "npm:^1.0.0"
  bin:
    nopt: bin/nopt.js
  checksum: 6ae5c083c5b205d0850f3b00c093cb0b1d4fb28fb69c68c3f933048e666695b1f218db6a4a7f61a4bae2f127268f526a7f2764223208e4dd527c51c56c49a5c7
  languageName: node
  linkType: hard

"normalize-path@npm:^3.0.0, normalize-path@npm:~3.0.0":
  version: 3.0.0
  resolution: "normalize-path@npm:3.0.0"
  checksum: 66de83885051c8a7266566cb175281ec583e3d66b5054c744b46a0eebc4eaac1e1d74c640aaf72144086a9661aa60e89ac0b5c92eb76608e5b8a5056dbcf9e27
  languageName: node
  linkType: hard

"npmlog@npm:^6.0.0":
  version: 6.0.2
  resolution: "npmlog@npm:6.0.2"
  dependencies:
    are-we-there-yet: "npm:^3.0.0"
    console-control-strings: "npm:^1.1.0"
    gauge: "npm:^4.0.3"
    set-blocking: "npm:^2.0.0"
  checksum: c04307b2991f128df6f3bb71c36fa56a65397f56f02a565ed269786ecd5609818e6cae36de3371555e52fdf049a5649a3591ac3bb432a2a0146d67093c4be93c
  languageName: node
  linkType: hard

"once@npm:^1.3.0":
  version: 1.4.0
  resolution: "once@npm:1.4.0"
  dependencies:
    wrappy: "npm:1"
  checksum: 12d5c6ece331855387577e71c96ab5b60269390b131cf9403494206274fa520221c88f8b8d431d7227d080127730460da8907c402ab4142e592c34aacb5c9817
  languageName: node
  linkType: hard

"p-map@npm:^4.0.0":
  version: 4.0.0
  resolution: "p-map@npm:4.0.0"
  dependencies:
    aggregate-error: "npm:^3.0.0"
  checksum: 619df8954fe81933903bc760e9884d85540ef7e8f6c24c4e28e2c8f0ad14d480bb7d4541787eee2e2d61aa0fae8b54abc42f7afc35db457884e589386e78a922
  languageName: node
  linkType: hard

"path-is-absolute@npm:^1.0.0":
  version: 1.0.1
  resolution: "path-is-absolute@npm:1.0.1"
  checksum: 6bb8fef4324c3f744e5d216980aa053095e1fc533d40fa47f9c1adc16be7fa52d3c4858370c7685406c32ab143a4dca0798f2e2c0f57d7937af66d8dd79267f6
  languageName: node
  linkType: hard

"picomatch@npm:^2.0.4, picomatch@npm:^2.2.1":
  version: 2.3.1
  resolution: "picomatch@npm:2.3.1"
  checksum: 6ba5938c24af2c5918e94b39aa0ad48d71f2c30634de69d46e0bd32feb666de4e909406db6ffb78f98d39ef450d6a41b6fa3954dc3659d7b2b750766c1261e5e
  languageName: node
  linkType: hard

"promise-inflight@npm:^1.0.1":
  version: 1.0.1
  resolution: "promise-inflight@npm:1.0.1"
  checksum: 7671022d3ea7e40e29ee941d30df819ed2a81a3d22b1175ed8c1bd83af542ea94ca47b50bea54634b12f7b1837fcd7dd5bcc7720910befa0076d12582ee56c93
  languageName: node
  linkType: hard

"promise-retry@npm:^2.0.1":
  version: 2.0.1
  resolution: "promise-retry@npm:2.0.1"
  dependencies:
    err-code: "npm:^2.0.2"
    retry: "npm:^0.12.0"
  checksum: cbff149b3327554f3613196ca300a77aefac289624148c37e5c9236242931691a4ba0a76fd1c6171e6a3e6a2b1edfa2acdf122004857e6f3e3efd1be29df6cd2
  languageName: node
  linkType: hard

"readable-stream@npm:^3.6.0":
  version: 3.6.2
  resolution: "readable-stream@npm:3.6.2"
  dependencies:
    inherits: "npm:^2.0.3"
    string_decoder: "npm:^1.1.1"
    util-deprecate: "npm:^1.0.1"
  checksum: b1cbe0fea6b407fc75bfbe4f6c54d48899e638d54a8a1207b5040c60566dd5f65059b32c3edf0ac0ce621ea46929b3337e8a19410870eff98b8be5a3ba543b7a
  languageName: node
  linkType: hard

"readdirp@npm:~3.6.0":
  version: 3.6.0
  resolution: "readdirp@npm:3.6.0"
  dependencies:
    picomatch: "npm:^2.2.1"
  checksum: 9dea77bef6b47b7c7553da4b5f30606449b49cf2aa043de23e22bee909c2d26c97630b8f8fa43775e318731c5a208d2063a10d3c788a3b0e1a9e32c5ab5fe790
  languageName: node
  linkType: hard

"retry@npm:^0.12.0":
  version: 0.12.0
  resolution: "retry@npm:0.12.0"
  checksum: 1c3616bdf89aa6f887bcca2b86603c255f4b497577f6a54f33262f4f314b8516d65e251f717b45e2a5ec234359999015a9e2263b38467544188210327e638ac3
  languageName: node
  linkType: hard

"rimraf@npm:^3.0.2":
  version: 3.0.2
  resolution: "rimraf@npm:3.0.2"
  dependencies:
    glob: "npm:^7.1.3"
  bin:
    rimraf: bin.js
  checksum: b786c9ad52df9fbcd9c7120e105f3150b83b39dd87d9235a93b0c7e806575e1e68936504ff64563dbe67b3f8bbbc00bdfff586157d402ee8990e7143456511c0
  languageName: node
  linkType: hard

"safe-buffer@npm:~5.2.0":
  version: 5.2.1
  resolution: "safe-buffer@npm:5.2.1"
  checksum: da8a21b3336a21c152eb3ba8ab41acde5772644f026d4b6e5f9fd8afa4f0cf407c113b19a362580fab9aea8beea295465432fc7684f9ff38aac559bb1b5528cd
  languageName: node
  linkType: hard

"safer-buffer@npm:>= 2.1.2 < 3.0.0":
  version: 2.1.2
  resolution: "safer-buffer@npm:2.1.2"
  checksum: d4199666e9e792968c0b88c2c35dd400f56d3eecb9affbcf5207922822eadf30cc06995bae3c5d0a653851bbd40fc0af578bf046bbf734199ce22433ba4da659
  languageName: node
  linkType: hard

"sass@npm:^1.57.1":
  version: 1.62.1
  resolution: "sass@npm:1.62.1"
  dependencies:
    chokidar: "npm:>=3.0.0 <4.0.0"
    immutable: "npm:^4.0.0"
    source-map-js: "npm:>=0.6.2 <2.0.0"
  bin:
    sass: sass.js
  checksum: 60b8e6bd19e2b7099f052cfc60f3691492948ade94bbd943e7450167311318f11e1d76b7d937f8fa05368f28d423476c63112b3ff5adfe8841b1a03b9fe7afc1
  languageName: node
  linkType: hard

"select@npm:^1.1.2":
  version: 1.1.2
  resolution: "select@npm:1.1.2"
  checksum: 6c16b1e63a99d43442e76ba15ddd8b18ac2a50f016abff0a9e127b88884e56fcbcff7a86b556edb227d419ba9c1067dccaac082a0768b88e4b56b375b4724cdb
  languageName: node
  linkType: hard

"semver@npm:^7.3.5":
  version: 7.5.0
  resolution: "semver@npm:7.5.0"
  dependencies:
    lru-cache: "npm:^6.0.0"
  bin:
    semver: bin/semver.js
  checksum: 4cc7856258319d36c441fb969fa2ee622fa3761ce1b04013ed5d05979adfcf3079f4fc4dff11f9b2588802620d579da2c209a4e26803d9adfbf44b78244b683b
  languageName: node
  linkType: hard

"set-blocking@npm:^2.0.0":
  version: 2.0.0
  resolution: "set-blocking@npm:2.0.0"
  checksum: 9e8f5aeb7cd850a60b5dbf47d42051137c14f58f375d9a70ca227b797d6ffed3dabf659587d2f183231085f1da2dc3067e2af9f5fcd66fb65c98da5fb54a22fb
  languageName: node
  linkType: hard

"signal-exit@npm:^3.0.7":
  version: 3.0.7
  resolution: "signal-exit@npm:3.0.7"
  checksum: 5cf7525c55a72d8d104d914acf2e470f74b2c156197277ad7b331bc5de3d8790170fed3c82ff98c7c31adaa8ff941bfd5ba44f55171cbe8ed0e939fa82a8322a
  languageName: node
  linkType: hard

"smart-buffer@npm:^4.2.0":
  version: 4.2.0
  resolution: "smart-buffer@npm:4.2.0"
  checksum: 898a5ce4651108164625916aa54b6f7c13e86279a31dd321737d27c4b795cfaaeb1c30417f8809029d80d20710d8a5045998afd35e0f1080b32648f5670aa99b
  languageName: node
  linkType: hard

"socks-proxy-agent@npm:^7.0.0":
  version: 7.0.0
  resolution: "socks-proxy-agent@npm:7.0.0"
  dependencies:
    agent-base: "npm:^6.0.2"
    debug: "npm:^4.3.3"
    socks: "npm:^2.6.2"
  checksum: d57c2c68a2c16a2ac0af30971e1c4899e80cab3bbe405fe2fa3fce26ccd007fe855110b97c0e6d96ddc56926e1e5927a868070cb09185a768d1ad8cbe1a68aa5
  languageName: node
  linkType: hard

"socks@npm:^2.6.2":
  version: 2.7.1
  resolution: "socks@npm:2.7.1"
  dependencies:
    ip: "npm:^2.0.0"
    smart-buffer: "npm:^4.2.0"
  checksum: a8026d6abfcd168a661240848f6989fbba66276e8fa97ff1cb1079c2f3c6907dcc8284fcbc4f6d3fee8d071afb4fc8313da7e5fbf6d8768f206347a671f1542b
  languageName: node
  linkType: hard

"source-map-js@npm:>=0.6.2 <2.0.0":
  version: 1.0.2
  resolution: "source-map-js@npm:1.0.2"
  checksum: 4496d29f371909dbc27dfb302f31cadc70b6f1591b2b433337daf923fac30e9632523e169494b40d06b53228166a577875a3610bce3412de8bb600152f748a9c
  languageName: node
  linkType: hard

"ssri@npm:^9.0.0":
  version: 9.0.1
  resolution: "ssri@npm:9.0.1"
  dependencies:
    minipass: "npm:^3.1.1"
  checksum: ec9e6fbb74ccb030391fc33aa1a8373014f1cdde570e389cf25f201604d6889035fc8b4409a6e8e787d75ddad892839c0e5a4ea6b67e7ab91f3c619e5e6e087a
  languageName: node
  linkType: hard

"string-width@npm:^1.0.2 || 2 || 3 || 4, string-width@npm:^4.2.3":
  version: 4.2.3
  resolution: "string-width@npm:4.2.3"
  dependencies:
    emoji-regex: "npm:^8.0.0"
    is-fullwidth-code-point: "npm:^3.0.0"
    strip-ansi: "npm:^6.0.1"
  checksum: aa0f3e082b461e0dc8c54334ef2c748b777e7529c34d348ee16e69690da45e24f223804d94060633126462e2aa4906d6fbfab882f34036a9f4ccd3dbcd2d6931
  languageName: node
  linkType: hard

"string_decoder@npm:^1.1.1":
  version: 1.3.0
  resolution: "string_decoder@npm:1.3.0"
  dependencies:
    safe-buffer: "npm:~5.2.0"
  checksum: c6b892bdb15861a68c4f9599bdff3909c70b1a2cee73d226a235b8fbadfc0aa060bdd265cb3fd86e856cee6d98cd0d657f84098cb51241f4fae19d0cacf9e13e
  languageName: node
  linkType: hard

"strip-ansi@npm:^6.0.1":
  version: 6.0.1
  resolution: "strip-ansi@npm:6.0.1"
  dependencies:
    ansi-regex: "npm:^5.0.1"
  checksum: 056ca08f8097351060572eee207ec66247937d7248780a3d643b5eed7d6b5ca6a0990a4f921ffd329e8e9b66427a384237892ac3cb47463adf7d040b154084ec
  languageName: node
  linkType: hard

"tar@npm:^6.1.11, tar@npm:^6.1.2":
  version: 6.1.14
  resolution: "tar@npm:6.1.14"
  dependencies:
    chownr: "npm:^2.0.0"
    fs-minipass: "npm:^2.0.0"
    minipass: "npm:^5.0.0"
    minizlib: "npm:^2.1.1"
    mkdirp: "npm:^1.0.3"
    yallist: "npm:^4.0.0"
  checksum: 5aeff09f5651983534cb7be7f8692ca202b0027c5a799d7037a863f1a1a2ecfdcc2e1358261d9a39459fca7b5bab7f35a0ee118de4bad8c07103d22edb661ec0
  languageName: node
  linkType: hard

"tiny-emitter@npm:^2.0.0":
  version: 2.1.0
  resolution: "tiny-emitter@npm:2.1.0"
  checksum: 3b905925cfa3f75302be0f324d2d7c1cf563c09304bbd40bf38c3abf3b8a93f2f2aa3a2e4b099400a9a1f44bc087fab42800314e8a5ea71cb81bc91ea2d8f1bc
  languageName: node
  linkType: hard

"to-regex-range@npm:^5.0.1":
  version: 5.0.1
  resolution: "to-regex-range@npm:5.0.1"
  dependencies:
    is-number: "npm:^7.0.0"
  checksum: 16564897c76bbd25bd3c375ee8d4b1fd3ac965fc4ab550ff034a1dddb53816ec06dc27095468394ad4de5978d5e831a9d1ae4cb31080dc4ebd9ba80a47dc1a4f
  languageName: node
  linkType: hard

"underscore@npm:^1.13.6":
  version: 1.13.6
  resolution: "underscore@npm:1.13.6"
  checksum: c97263094d771a862beb174d174d3c783f5fdb4734de323ba5e43e5f926b387eda901d816cc8eface402fb223ff4acdd469f4f1a294b17725b09db5d083c7a65
  languageName: node
  linkType: hard

"unique-filename@npm:^2.0.0":
  version: 2.0.1
  resolution: "unique-filename@npm:2.0.1"
  dependencies:
    unique-slug: "npm:^3.0.0"
  checksum: 1efaebd1b9df4770537f73b040adc8ef2b7da29b837388d97d6d78a4a739dc67bc491e45d381a377bc80ee838e7e1dc904193b3e73cd6c117d96f92b3a09ed46
  languageName: node
  linkType: hard

"unique-slug@npm:^3.0.0":
  version: 3.0.0
  resolution: "unique-slug@npm:3.0.0"
  dependencies:
    imurmurhash: "npm:^0.1.4"
  checksum: ae31bb1d8126400e512385ec239b3ca40f6a8790af9d6dedb0842b340b3ecc0a7de413ff270f3ea3dae1565c6f745ab6e28363387cd32ecddbe0fc72ee247303
  languageName: node
  linkType: hard

"util-deprecate@npm:^1.0.1":
  version: 1.0.2
  resolution: "util-deprecate@npm:1.0.2"
  checksum: 6a88ed8344d07f2324b304ee36def365d967953b5a9c15baa3213eb3909e86a7da1ee70a4c2133e80c23d6c1987590e9c3c57d874e20a124f9e41620b462fa57
  languageName: node
  linkType: hard

"which@npm:^2.0.2":
  version: 2.0.2
  resolution: "which@npm:2.0.2"
  dependencies:
    isexe: "npm:^2.0.0"
  bin:
    node-which: ./bin/node-which
  checksum: 3728616c789b289c36ba2572887145e0736f06fe3435b8fef17e27eb5ec0696f61a21e356dd7fa58486346e57186863afa1b6c27c7665f7e674c8124f7f61157
  languageName: node
  linkType: hard

"wide-align@npm:^1.1.5":
  version: 1.1.5
  resolution: "wide-align@npm:1.1.5"
  dependencies:
    string-width: "npm:^1.0.2 || 2 || 3 || 4"
  checksum: 39915f81cdc6cee1f54bfd7672619cc6d0bd558089f968ea7831324cd4b5ed00e78e710a64f05e5d75ed7880e45eef97295907f68d5aabb9d2899436c917b275
  languageName: node
  linkType: hard

"wrappy@npm:1":
  version: 1.0.2
  resolution: "wrappy@npm:1.0.2"
  checksum: 37d243a577dfeee20586eae1e3208dfb4e4cea1211a2a4116a19b50d91e619ff3dbc5ec934e28ca9baaa11a65df826c8d65c5fd1bb81f0ce0dadb469d47061c2
  languageName: node
  linkType: hard

"yallist@npm:^4.0.0":
  version: 4.0.0
  resolution: "yallist@npm:4.0.0"
  checksum: cd7fe32508c6942d8b979278fbe13846fe88cd6840d78043d08c6b2c74d67ce38b58bd21618dca8a4e132dcc025fc0e66a7d87ca10cf6ed338465607ebff4378
  languageName: node
  linkType: hard
